DEVICES:

  GeForce-GTX-1070-Ti:
    Type: GeForce GTX 1070 Ti
    Cohorts:
      - GPU-0547b4d4-3354-32a0-eb63-e6013ca68ab8
      - GPU-d2b65de5-f788-5516-4ce2-4d108f2366c3
      - GPU-048ac11c-24be-8e3f-059e-2028689fb9cb
      - GPU-7cac86c5-b598-6294-149c-a53e0df86019
    OverClock:
      ___: 1150,150
      ETH: 1150,150
      RVN: 1150,150
      NH-ET: 1150,150
    Speed:
      Ethash: 30.5 Mh/s
      Groestl: 36.5 Mh/s
      CryptoNightV7: 710 h/s
      Equihash: 470 h/s
      TimeTravel10: 19.5 Mh/s
      X16R: 10 Mh/s
      Lyra2z: 2 Mh/s
      NIST5: 50 Mh/s
      Xevan: 3.6 Mh/s

  GeForce GTX 1070:
    Type: GeForce GTX 1070
    Cohorts:
      - GPU-701dd1b3-98d5-831d-2c29-631381e7adf3
      - GPU-ce1df382-1fb6-119e-5048-15c524f28cf8
      - GPU-3768179a-d438-0c05-de32-7f38e9af63f1
      - GPU-990059da-5633-1178-e4fe-f1f7fc50ad61
      - GPU-34789a5a-7c07-aab5-8e6f-871daf9438f0
      - GPU-ef2d1844-ef45-8b5c-e0a8-e8ed8533284f
      - GPU-3fbd9994-bdfc-dc17-45ec-e691f3ad4a17
    OverClock:
      ___: 1100,140
      ETH: 1000,160
      RVN: 1000,140
      NH-ET: 1000,160
    Speed:
      Ethash: 30.0 Mh/s
      Groestl: 33.5 Mh/s
      CryptoNightV7: 690 h/s
      Equihash: 430 h/s
      TimeTravel10: 18.5 Mh/s
      X16R: 8 Mh/s
      Lyra2z: 1.65 Mh/s
      NIST5: 44 Mh/s
      Xevan: 3 Mh/s

  GPU-6e63cead-1fa3-845c-0740-a6b6e47baaf7:
    Type: GeForce GTX 1070
    Cohorts:
      - GPU-6e63cead-1fa3-845c-0740-a6b6e47baaf7
    OverClock:
      ___: 1100,140
      ETH: 1000,140
      RVN: 1000,140
      NH-ET: 1000,160
    Speed:
      Ethash: 30.0 Mh/s
      Groestl: 33.5 Mh/s
      CryptoNightV7: 690 h/s
      Equihash: 430 h/s
      TimeTravel10: 18.5 Mh/s
      X16R: 8 Mh/s
      Lyra2z: 1.65 Mh/s
      NIST5: 44 Mh/s
      Xevan: 3 Mh/s
  GeForce-GTX-1080-Ti:
    Type: GeForce GTX 1080 Ti
    Cohorts:
      - GPU-87638278-4aec-d992-0acb-f67662ebce2d
      - GPU-b5650bca-2550-6400-85ae-6ac4239dfc71
    OverClock:
      ___: 1150,250
      ETH: 1150,250
      RVN: 1100,250
      NH-ET: 1050,225
    Speed:
      Ethash: 35.0 Mh/s
      Groestl: 58.0 Mh/s
      CryptoNightV7: 830 h/s
      Equihash: 685 h/s
      TimeTravel10: 18.5 Mh/s
      X16R: 15 Mh/s
      Lyra2z: 64 Mh/s
      NIST5: 75 Mh/s
      Xevan: 5.3 Mh/s

RIGS:
  rig-AMD:
    sudo-nvidia-settings: False
  rig-Borg:
    sudo-nvidia-settings: False
  rig-Clinic:
    sudo-nvidia-settings: True
  rig-Nvidia:
    sudo-nvidia-settings: True
  rig-Power:
    sudo-nvidia-settings: False
  rig-Titan:
    sudo-nvidia-settings: False
